
Microsoft Visual Studio Solution File, Format Version 12.00
# Visual Studio 15
VisualStudioVersion = 15.0.27004.2010
MinimumVisualStudioVersion = 10.0.40219.1
Project("{9A19103F-16F7-4668-BE54-9A1E7A4F7556}") = "ExternalServices", "ExternalServices\ExternalServices.csproj", "{54C96AED-0529-4ABD-8A29-84BE5EAF2DFA}"
EndProject
Project("{9A19103F-16F7-4668-BE54-9A1E7A4F7556}") = "InternalServices", "InternalServices\InternalServices.csproj", "{41EB1D7B-72CF-482C-887E-09912BF506A1}"
EndProject
Project("{9A19103F-16F7-4668-BE54-9A1E7A4F7556}") = "ServicesCore", "ServicesCore\ServicesCore.csproj", "{129A71B2-A1CE-4742-B564-800B93B087BB}"
EndProject
Project("{FAE04EC0-301F-11D3-BF4B-00C04F79EFBC}") = "ServicesTest", "ServicesTest\ServicesTest.csproj", "{DBD6D17F-6DF0-4B26-83D4-2CA52F45BD47}"
EndProject
Project("{2150E333-8FDC-42A3-9474-1A3956D46DE8}") = "Solution Items", "Solution Items", "{1D79829D-F71E-4B37-A29E-672C5DA16077}"
	ProjectSection(SolutionItems) = preProject
		.gitignore = .gitignore
		LICENSE = LICENSE
		README.md = README.md
	EndProjectSection
EndProject
Global
	GlobalSection(SolutionConfigurationPlatforms) = preSolution
		Debug|Any CPU = Debug|Any CPU
		Debug|ARM = Debug|ARM
		Debug|x64 = Debug|x64
		Debug|x86 = Debug|x86
		Release|Any CPU = Release|Any CPU
		Release|ARM = Release|ARM
		Release|x64 = Release|x64
		Release|x86 = Release|x86
	EndGlobalSection
	GlobalSection(ProjectConfigurationPlatforms) = postSolution
		{54C96AED-0529-4ABD-8A29-84BE5EAF2DFA}.Debug|Any CPU.ActiveCfg = Debug|Any CPU
		{54C96AED-0529-4ABD-8A29-84BE5EAF2DFA}.Debug|Any CPU.Build.0 = Debug|Any CPU
		{54C96AED-0529-4ABD-8A29-84BE5EAF2DFA}.Debug|ARM.ActiveCfg = Debug|Any CPU
		{54C96AED-0529-4ABD-8A29-84BE5EAF2DFA}.Debug|ARM.Build.0 = Debug|Any CPU
		{54C96AED-0529-4ABD-8A29-84BE5EAF2DFA}.Debug|x64.ActiveCfg = Debug|Any CPU
		{54C96AED-0529-4ABD-8A29-84BE5EAF2DFA}.Debug|x64.Build.0 = Debug|Any CPU
		{54C96AED-0529-4ABD-8A29-84BE5EAF2DFA}.Debug|x86.ActiveCfg = Debug|Any CPU
		{54C96AED-0529-4ABD-8A29-84BE5EAF2DFA}.Debug|x86.Build.0 = Debug|Any CPU
		{54C96AED-0529-4ABD-8A29-84BE5EAF2DFA}.Release|Any CPU.ActiveCfg = Release|Any CPU
		{54C96AED-0529-4ABD-8A29-84BE5EAF2DFA}.Release|Any CPU.Build.0 = Release|Any CPU
		{54C96AED-0529-4ABD-8A29-84BE5EAF2DFA}.Release|ARM.ActiveCfg = Release|Any CPU
		{54C96AED-0529-4ABD-8A29-84BE5EAF2DFA}.Release|ARM.Build.0 = Release|Any CPU
		{54C96AED-0529-4ABD-8A29-84BE5EAF2DFA}.Release|x64.ActiveCfg = Release|Any CPU
		{54C96AED-0529-4ABD-8A29-84BE5EAF2DFA}.Release|x64.Build.0 = Release|Any CPU
		{54C96AED-0529-4ABD-8A29-84BE5EAF2DFA}.Release|x86.ActiveCfg = Release|Any CPU
		{54C96AED-0529-4ABD-8A29-84BE5EAF2DFA}.Release|x86.Build.0 = Release|Any CPU
		{41EB1D7B-72CF-482C-887E-09912BF506A1}.Debug|Any CPU.ActiveCfg = Debug|Any CPU
		{41EB1D7B-72CF-482C-887E-09912BF506A1}.Debug|Any CPU.Build.0 = Debug|Any CPU
		{41EB1D7B-72CF-482C-887E-09912BF506A1}.Debug|ARM.ActiveCfg = Debug|Any CPU
		{41EB1D7B-72CF-482C-887E-09912BF506A1}.Debug|ARM.Build.0 = Debug|Any CPU
		{41EB1D7B-72CF-482C-887E-09912BF506A1}.Debug|x64.ActiveCfg = Debug|Any CPU
		{41EB1D7B-72CF-482C-887E-09912BF506A1}.Debug|x64.Build.0 = Debug|Any CPU
		{41EB1D7B-72CF-482C-887E-09912BF506A1}.Debug|x86.ActiveCfg = Debug|Any CPU
		{41EB1D7B-72CF-482C-887E-09912BF506A1}.Debug|x86.Build.0 = Debug|Any CPU
		{41EB1D7B-72CF-482C-887E-09912BF506A1}.Release|Any CPU.ActiveCfg = Release|Any CPU
		{41EB1D7B-72CF-482C-887E-09912BF506A1}.Release|Any CPU.Build.0 = Release|Any CPU
		{41EB1D7B-72CF-482C-887E-09912BF506A1}.Release|ARM.ActiveCfg = Release|Any CPU
		{41EB1D7B-72CF-482C-887E-09912BF506A1}.Release|ARM.Build.0 = Release|Any CPU
		{41EB1D7B-72CF-482C-887E-09912BF506A1}.Release|x64.ActiveCfg = Release|Any CPU
		{41EB1D7B-72CF-482C-887E-09912BF506A1}.Release|x64.Build.0 = Release|Any CPU
		{41EB1D7B-72CF-482C-887E-09912BF506A1}.Release|x86.ActiveCfg = Release|Any CPU
		{41EB1D7B-72CF-482C-887E-09912BF506A1}.Release|x86.Build.0 = Release|Any CPU
		{129A71B2-A1CE-4742-B564-800B93B087BB}.Debug|Any CPU.ActiveCfg = Debug|Any CPU
		{129A71B2-A1CE-4742-B564-800B93B087BB}.Debug|Any CPU.Build.0 = Debug|Any CPU
		{129A71B2-A1CE-4742-B564-800B93B087BB}.Debug|ARM.ActiveCfg = Debug|Any CPU
		{129A71B2-A1CE-4742-B564-800B93B087BB}.Debug|ARM.Build.0 = Debug|Any CPU
		{129A71B2-A1CE-4742-B564-800B93B087BB}.Debug|x64.ActiveCfg = Debug|Any CPU
		{129A71B2-A1CE-4742-B564-800B93B087BB}.Debug|x64.Build.0 = Debug|Any CPU
		{129A71B2-A1CE-4742-B564-800B93B087BB}.Debug|x86.ActiveCfg = Debug|Any CPU
		{129A71B2-A1CE-4742-B564-800B93B087BB}.Debug|x86.Build.0 = Debug|Any CPU
		{129A71B2-A1CE-4742-B564-800B93B087BB}.Release|Any CPU.ActiveCfg = Release|Any CPU
		{129A71B2-A1CE-4742-B564-800B93B087BB}.Release|Any CPU.Build.0 = Release|Any CPU
		{129A71B2-A1CE-4742-B564-800B93B087BB}.Release|ARM.ActiveCfg = Release|Any CPU
		{129A71B2-A1CE-4742-B564-800B93B087BB}.Release|ARM.Build.0 = Release|Any CPU
		{129A71B2-A1CE-4742-B564-800B93B087BB}.Release|x64.ActiveCfg = Release|Any CPU
		{129A71B2-A1CE-4742-B564-800B93B087BB}.Release|x64.Build.0 = Release|Any CPU
		{129A71B2-A1CE-4742-B564-800B93B087BB}.Release|x86.ActiveCfg = Release|Any CPU
		{129A71B2-A1CE-4742-B564-800B93B087BB}.Release|x86.Build.0 = Release|Any CPU
		{DBD6D17F-6DF0-4B26-83D4-2CA52F45BD47}.Debug|Any CPU.ActiveCfg = Debug|x86
		{DBD6D17F-6DF0-4B26-83D4-2CA52F45BD47}.Debug|Any CPU.Build.0 = Debug|x86
		{DBD6D17F-6DF0-4B26-83D4-2CA52F45BD47}.Debug|Any CPU.Deploy.0 = Debug|x86
		{DBD6D17F-6DF0-4B26-83D4-2CA52F45BD47}.Debug|ARM.ActiveCfg = Debug|ARM
		{DBD6D17F-6DF0-4B26-83D4-2CA52F45BD47}.Debug|ARM.Build.0 = Debug|ARM
		{DBD6D17F-6DF0-4B26-83D4-2CA52F45BD47}.Debug|ARM.Deploy.0 = Debug|ARM
		{DBD6D17F-6DF0-4B26-83D4-2CA52F45BD47}.Debug|x64.ActiveCfg = Debug|x64
		{DBD6D17F-6DF0-4B26-83D4-2CA52F45BD47}.Debug|x64.Build.0 = Debug|x64
		{DBD6D17F-6DF0-4B26-83D4-2CA52F45BD47}.Debug|x64.Deploy.0 = Debug|x64
		{DBD6D17F-6DF0-4B26-83D4-2CA52F45BD47}.Debug|x86.ActiveCfg = Debug|x86
		{DBD6D17F-6DF0-4B26-83D4-2CA52F45BD47}.Debug|x86.Build.0 = Debug|x86
		{DBD6D17F-6DF0-4B26-83D4-2CA52F45BD47}.Debug|x86.Deploy.0 = Debug|x86
		{DBD6D17F-6DF0-4B26-83D4-2CA52F45BD47}.Release|Any CPU.ActiveCfg = Release|x86
		{DBD6D17F-6DF0-4B26-83D4-2CA52F45BD47}.Release|ARM.ActiveCfg = Release|ARM
		{DBD6D17F-6DF0-4B26-83D4-2CA52F45BD47}.Release|ARM.Build.0 = Release|ARM
		{DBD6D17F-6DF0-4B26-83D4-2CA52F45BD47}.Release|ARM.Deploy.0 = Release|ARM
		{DBD6D17F-6DF0-4B26-83D4-2CA52F45BD47}.Release|x64.ActiveCfg = Release|x64
		{DBD6D17F-6DF0-4B26-83D4-2CA52F45BD47}.Release|x64.Build.0 = Release|x64
		{DBD6D17F-6DF0-4B26-83D4-2CA52F45BD47}.Release|x64.Deploy.0 = Release|x64
		{DBD6D17F-6DF0-4B26-83D4-2CA52F45BD47}.Release|x86.ActiveCfg = Release|x86
		{DBD6D17F-6DF0-4B26-83D4-2CA52F45BD47}.Release|x86.Build.0 = Release|x86
		{DBD6D17F-6DF0-4B26-83D4-2CA52F45BD47}.Release|x86.Deploy.0 = Release|x86
	EndGlobalSection
	GlobalSection(SolutionProperties) = preSolution
		HideSolutionNode = FALSE
	EndGlobalSection
	GlobalSection(ExtensibilityGlobals) = postSolution
		SolutionGuid = {156EBD51-AC39-43A5-8E7B-FDB6454AC793}
	EndGlobalSection
EndGlobal
